PODS:
  - Flutter (1.0.0)
  - flutter_pcm_sound (0.0.1):
    - Flutter
  - open_filex (0.0.2):
    - Flutter
  - opus_flutter_ios (0.0.2):
    - Flutter

DEPENDENCIES:
  - Flutter (from `Flutter`)
  - flutter_pcm_sound (from `.symlinks/plugins/flutter_pcm_sound/ios`)
  - open_filex (from `.symlinks/plugins/open_filex/ios`)
  - opus_flutter_ios (from `.symlinks/plugins/opus_flutter_ios/ios`)

EXTERNAL SOURCES:
  Flutter:
    :path: Flutter
  flutter_pcm_sound:
    :path: ".symlinks/plugins/flutter_pcm_sound/ios"
  open_filex:
    :path: ".symlinks/plugins/open_filex/ios"
  opus_flutter_ios:
    :path: ".symlinks/plugins/opus_flutter_ios/ios"

SPEC CHECKSUMS:
  Flutter: 71a624a5bc0c04062bf19101d501e466baf2fb47
  flutter_pcm_sound: de0572ca4f99091cc2abfcc31601b8a4ddd33c0e
  open_filex: 6e26e659846ec990262224a12ef1c528bb4edbe4
  opus_flutter_ios: 3df5f9d5bedf0818e7e2c9b94b7baf8d837101c4

PODFILE CHECKSUM: 972e9156882d1e0cb3d0a724d7452efc2a640a2f

COCOAPODS: 1.17.0
